
Microsoft Visual Studio Solution File, Format Version 12.00
# Visual Studio Version 16
VisualStudioVersion = 16.0.31424.327
MinimumVisualStudioVersion = 10.0.40219.1
Project("{FAE04EC0-301F-11D3-BF4B-00C04F79EFBC}") = "OfficeVisualComponent", "OfficeVisualComponent\OfficeVisualComponent.csproj", "{9315681E-71C4-4E47-9DB0-159B7B74AB93}"
EndProject
Global
	GlobalSection(SolutionConfigurationPlatforms) = preSolution
		Debug|Any CPU = Debug|Any CPU
		Release|Any CPU = Release|Any CPU
	EndGlobalSection
	GlobalSection(ProjectConfigurationPlatforms) = postSolution
		{9315681E-71C4-4E47-9DB0-159B7B74AB93}.Debug|Any CPU.ActiveCfg = Debug|Any CPU
		{9315681E-71C4-4E47-9DB0-159B7B74AB93}.Debug|Any CPU.Build.0 = Debug|Any CPU
		{9315681E-71C4-4E47-9DB0-159B7B74AB93}.Release|Any CPU.ActiveCfg = Release|Any CPU
		{9315681E-71C4-4E47-9DB0-159B7B74AB93}.Release|Any CPU.Build.0 = Release|Any CPU
	EndGlobalSection
	GlobalSection(SolutionProperties) = preSolution
		HideSolutionNode = FALSE
	EndGlobalSection
	GlobalSection(ExtensibilityGlobals) = postSolution
		SolutionGuid = {1AF891F3-0ED6-4292-A42C-8791EBCAAFFE}
	EndGlobalSection
EndGlobal
