
Microsoft Visual Studio Solution File, Format Version 12.00
# Visual Studio Version 17
VisualStudioVersion = 17.0.31912.275
MinimumVisualStudioVersion = 10.0.40219.1
Project("{FAE04EC0-301F-11D3-BF4B-00C04F79EFBC}") = "EmployeeComponentsApp", "EmployeeComponentsApp\EmployeeComponentsApp.csproj", "{C3435314-C6B1-4874-B4A8-B8CCCB04DB00}"
EndProject
Project("{FAE04EC0-301F-11D3-BF4B-00C04F79EFBC}") = "EmployeeNonVisualComponents", "EmployeeNonVisualComponents\EmployeeNonVisualComponents.csproj", "{22326EFF-8380-4E17-9B73-7D3FACCBEF42}"
EndProject
Project("{FAE04EC0-301F-11D3-BF4B-00C04F79EFBC}") = "EmployeeVisualComponent", "EmployeeVisualComponent\EmployeeVisualComponent.csproj", "{5AC2014F-C4C0-4AB3-8F64-B4395B3E8BFD}"
EndProject
Global
	GlobalSection(SolutionConfigurationPlatforms) = preSolution
		Debug|Any CPU = Debug|Any CPU
		Release|Any CPU = Release|Any CPU
	EndGlobalSection
	GlobalSection(ProjectConfigurationPlatforms) = postSolution
		{C3435314-C6B1-4874-B4A8-B8CCCB04DB00}.Debug|Any CPU.ActiveCfg = Debug|Any CPU
		{C3435314-C6B1-4874-B4A8-B8CCCB04DB00}.Debug|Any CPU.Build.0 = Debug|Any CPU
		{C3435314-C6B1-4874-B4A8-B8CCCB04DB00}.Release|Any CPU.ActiveCfg = Release|Any CPU
		{C3435314-C6B1-4874-B4A8-B8CCCB04DB00}.Release|Any CPU.Build.0 = Release|Any CPU
		{22326EFF-8380-4E17-9B73-7D3FACCBEF42}.Debug|Any CPU.ActiveCfg = Debug|Any CPU
		{22326EFF-8380-4E17-9B73-7D3FACCBEF42}.Debug|Any CPU.Build.0 = Debug|Any CPU
		{22326EFF-8380-4E17-9B73-7D3FACCBEF42}.Release|Any CPU.ActiveCfg = Release|Any CPU
		{22326EFF-8380-4E17-9B73-7D3FACCBEF42}.Release|Any CPU.Build.0 = Release|Any CPU
		{5AC2014F-C4C0-4AB3-8F64-B4395B3E8BFD}.Debug|Any CPU.ActiveCfg = Debug|Any CPU
		{5AC2014F-C4C0-4AB3-8F64-B4395B3E8BFD}.Debug|Any CPU.Build.0 = Debug|Any CPU
		{5AC2014F-C4C0-4AB3-8F64-B4395B3E8BFD}.Release|Any CPU.ActiveCfg = Release|Any CPU
		{5AC2014F-C4C0-4AB3-8F64-B4395B3E8BFD}.Release|Any CPU.Build.0 = Release|Any CPU
	EndGlobalSection
	GlobalSection(SolutionProperties) = preSolution
		HideSolutionNode = FALSE
	EndGlobalSection
	GlobalSection(ExtensibilityGlobals) = postSolution
		SolutionGuid = {1AF891F3-0ED6-4292-A42C-8791EBCAAFFE}
	EndGlobalSection
EndGlobal
